
Microsoft Visual Studio Solution File, Format Version 12.00
# Visual Studio 15
Project("{FAE04EC0-301F-11D3-BF4B-00C04F79EFBC}") = "Oculus.LipSync", "Oculus.LipSync.csproj", "{F3BC0F14-7DF0-3EDA-8CE6-CC519C441977}"
EndProject
Project("{FAE04EC0-301F-11D3-BF4B-00C04F79EFBC}") = "Oculus.LipSync.Editor", "Oculus.LipSync.Editor.csproj", "{06F88BE3-06EA-E9F0-683C-215F2B75074F}"
EndProject
Global
	GlobalSection(SolutionConfigurationPlatforms) = preSolution
		Debug|Any CPU = Debug|Any CPU
		Release|Any CPU = Release|Any CPU
	EndGlobalSection
	GlobalSection(ProjectConfigurationPlatforms) = postSolution
		{F3BC0F14-7DF0-3EDA-8CE6-CC519C441977}.Debug|Any CPU.ActiveCfg = Debug|Any CPU
		{F3BC0F14-7DF0-3EDA-8CE6-CC519C441977}.Debug|Any CPU.Build.0 = Debug|Any CPU
		{F3BC0F14-7DF0-3EDA-8CE6-CC519C441977}.Release|Any CPU.ActiveCfg = Release|Any CPU
		{F3BC0F14-7DF0-3EDA-8CE6-CC519C441977}.Release|Any CPU.Build.0 = Release|Any CPU
		{06F88BE3-06EA-E9F0-683C-215F2B75074F}.Debug|Any CPU.ActiveCfg = Debug|Any CPU
		{06F88BE3-06EA-E9F0-683C-215F2B75074F}.Debug|Any CPU.Build.0 = Debug|Any CPU
		{06F88BE3-06EA-E9F0-683C-215F2B75074F}.Release|Any CPU.ActiveCfg = Release|Any CPU
		{06F88BE3-06EA-E9F0-683C-215F2B75074F}.Release|Any CPU.Build.0 = Release|Any CPU
	EndGlobalSection
	GlobalSection(SolutionProperties) = preSolution
		HideSolutionNode = FALSE
	EndGlobalSection
EndGlobal
